// !$*UTF8*$!
{
	archiveVersion = 1;
	classes = {
	};
	objectVersion = 48;
	objects = {

/* Begin PBXBuildFile section */
		56E8473E202342AB003A6A46 /* AppDelegate.swift in Sources */ = {isa = PBXBuildFile; fileRef = 56E8473D202342AB003A6A46 /* AppDelegate.swift */; };
		56E84740202342AB003A6A46 /* ViewController.swift in Sources */ = {isa = PBXBuildFile; fileRef = 56E8473F202342AB003A6A46 /* ViewController.swift */; };
		56E84743202342AB003A6A46 /* Main.storyboard in Resources */ = {isa = PBXBuildFile; fileRef = 56E84741202342AB003A6A46 /* Main.storyboard */; };
		56E84745202342AB003A6A46 /* Assets.xcassets in Resources */ = {isa = PBXBuildFile; fileRef = 56E84744202342AB003A6A46 /* Assets.xcassets */; };
		56E84748202342AB003A6A46 /* LaunchScreen.storyboard in Resources */ = {isa = PBXBuildFile; fileRef = 56E84746202342AB003A6A46 /* LaunchScreen.storyboard */; };
		56E84753202342AB003A6A46 /* selectImageTests.swift in Sources */ = {isa = PBXBuildFile; fileRef = 56E84752202342AB003A6A46 /* selectImageTests.swift */; };
		56E8475E202342AC003A6A46 /* selectImageUITests.swift in Sources */ = {isa = PBXBuildFile; fileRef = 56E8475D202342AC003A6A46 /* selectImageUITests.swift */; };
/* End PBXBuildFile section */

/* Begin PBXContainerItemProxy section */
		56E8474F202342AB003A6A46 /* PBXContainerItemProxy */ = {
			isa = PBXContainerItemProxy;
			containerPortal = 56E84732202342AB003A6A46 /* Project object */;
			proxyType = 1;
			remoteGlobalIDString = 56E84739202342AB003A6A46;
			remoteInfo = selectImage;
		};
		56E8475A202342AC003A6A46 /* PBXContainerItemProxy */ = {
			isa = PBXContainerItemProxy;
			containerPortal = 56E84732202342AB003A6A46 /* Project object */;
			proxyType = 1;
			remoteGlobalIDString = 56E84739202342AB003A6A46;
			remoteInfo = selectImage;
		};
/* End PBXContainerItemProxy section */

/* Begin PBXFileReference section */
		56E8473A202342AB003A6A46 /* selectImage.app */ = {isa = PBXFileReference; explicitFileType = wrapper.application; includeInIndex = 0; path = selectImage.app; sourceTree = BUILT_PRODUCTS_DIR; };
		56E8473D202342AB003A6A46 /* AppDelegate.swift */ = {isa = PBXFileReference; lastKnownFileType = sourcecode.swift; path = AppDelegate.swift; sourceTree = "<group>"; };
		56E8473F202342AB003A6A46 /* ViewController.swift */ = {isa = PBXFileReference; lastKnownFileType = sourcecode.swift; path = ViewController.swift; sourceTree = "<group>"; };
		56E84742202342AB003A6A46 /* Base */ = {isa = PBXFileReference; lastKnownFileType = file.storyboard; name = Base; path = Base.lproj/Main.storyboard; sourceTree = "<group>"; };
		56E84744202342AB003A6A46 /* Assets.xcassets */ = {isa = PBXFileReference; lastKnownFileType = folder.assetcatalog; path = Assets.xcassets; sourceTree = "<group>"; };
		56E84747202342AB003A6A46 /* Base */ = {isa = PBXFileReference; lastKnownFileType = file.storyboard; name = Base; path = Base.lproj/LaunchScreen.storyboard; sourceTree = "<group>"; };
		56E84749202342AB003A6A46 /* Info.plist */ = {isa = PBXFileReference; lastKnownFileType = text.plist.xml; path = Info.plist; sourceTree = "<group>"; };
		56E8474E202342AB003A6A46 /* selectImageTests.xctest */ = {isa = PBXFileReference; explicitFileType = wrapper.cfbundle; includeInIndex = 0; path = selectImageTests.xctest; sourceTree = BUILT_PRODUCTS_DIR; };
		56E84752202342AB003A6A46 /* selectImageTests.swift */ = {isa = PBXFileReference; lastKnownFileType = sourcecode.swift; path = selectImageTests.swift; sourceTree = "<group>"; };
		56E84754202342AB003A6A46 /* Info.plist */ = {isa = PBXFileReference; lastKnownFileType = text.plist.xml; path = Info.plist; sourceTree = "<group>"; };
		56E84759202342AC003A6A46 /* selectImageUITests.xctest */ = {isa = PBXFileReference; explicitFileType = wrapper.cfbundle; includeInIndex = 0; path = selectImageUITests.xctest; sourceTree = BUILT_PRODUCTS_DIR; };
		56E8475D202342AC003A6A46 /* selectImageUITests.swift */ = {isa = PBXFileReference; lastKnownFileType = sourcecode.swift; path = selectImageUITests.swift; sourceTree = "<group>"; };
		56E8475F202342AC003A6A46 /* Info.plist */ = {isa = PBXFileReference; lastKnownFileType = text.plist.xml; path = Info.plist; sourceTree = "<group>"; };
/* End PBXFileReference section */

/* Begin PBXFrameworksBuildPhase section */
		56E84737202342AB003A6A46 /* Frameworks */ = {
			isa = PBXFrameworksBuildPhase;
			buildActionMask = 2147483647;
			files = (
			);
			runOnlyForDeploymentPostprocessing = 0;
		};
		56E8474B202342AB003A6A46 /* Frameworks */ = {
			isa = PBXFrameworksBuildPhase;
			buildActionMask = 2147483647;
			files = (
			);
			runOnlyForDeploymentPostprocessing = 0;
		};
		56E84756202342AC003A6A46 /* Frameworks */ = {
			isa = PBXFrameworksBuildPhase;
			buildActionMask = 2147483647;
			files = (
			);
			runOnlyForDeploymentPostprocessing = 0;
		};
/* End PBXFrameworksBuildPhase section */

/* Begin PBXGroup section */
		56E84731202342AB003A6A46 = {
			isa = PBXGroup;
			children = (
				56E8473C202342AB003A6A46 /* selectImage */,
				56E84751202342AB003A6A46 /* selectImageTests */,
				56E8475C202342AC003A6A46 /* selectImageUITests */,
				56E8473B202342AB003A6A46 /* Products */,
			);
			sourceTree = "<group>";
		};
		56E8473B202342AB003A6A46 /* Products */ = {
			isa = PBXGroup;
			children = (
				56E8473A202342AB003A6A46 /* selectImage.app */,
				56E8474E202342AB003A6A46 /* selectImageTests.xctest */,
				56E84759202342AC003A6A46 /* selectImageUITests.xctest */,
			);
			name = Products;
			sourceTree = "<group>";
		};
		56E8473C202342AB003A6A46 /* selectImage */ = {
			isa = PBXGroup;
			children = (
				56E8473D202342AB003A6A46 /* AppDelegate.swift */,
				56E8473F202342AB003A6A46 /* ViewController.swift */,
				56E84741202342AB003A6A46 /* Main.storyboard */,
				56E84744202342AB003A6A46 /* Assets.xcassets */,
				56E84746202342AB003A6A46 /* LaunchScreen.storyboard */,
				56E84749202342AB003A6A46 /* Info.plist */,
			);
			path = selectImage;
			sourceTree = "<group>";
		};
		56E84751202342AB003A6A46 /* selectImageTests */ = {
			isa = PBXGroup;
			children = (
				56E84752202342AB003A6A46 /* selectImageTests.swift */,
				56E84754202342AB003A6A46 /* Info.plist */,
			);
			path = selectImageTests;
			sourceTree = "<group>";
		};
		56E8475C202342AC003A6A46 /* selectImageUITests */ = {
			isa = PBXGroup;
			children = (
				56E8475D202342AC003A6A46 /* selectImageUITests.swift */,
				56E8475F202342AC003A6A46 /* Info.plist */,
			);
			path = selectImageUITests;
			sourceTree = "<group>";
		};
/* End PBXGroup section */

/* Begin PBXNativeTarget section */
		56E84739202342AB003A6A46 /* selectImage */ = {
			isa = PBXNativeTarget;
			buildConfigurationList = 56E84762202342AC003A6A46 /* Build configuration list for PBXNativeTarget "selectImage" */;
			buildPhases = (
				56E84736202342AB003A6A46 /* Sources */,
				56E84737202342AB003A6A46 /* Frameworks */,
				56E84738202342AB003A6A46 /* Resources */,
			);
			buildRules = (
			);
			dependencies = (
			);
			name = selectImage;
			productName = selectImage;
			productReference = 56E8473A202342AB003A6A46 /* selectImage.app */;
			productType = "com.apple.product-type.application";
		};
		56E8474D202342AB003A6A46 /* selectImageTests */ = {
			isa = PBXNativeTarget;
			buildConfigurationList = 56E84765202342AC003A6A46 /* Build configuration list for PBXNativeTarget "selectImageTests" */;
			buildPhases = (
				56E8474A202342AB003A6A46 /* Sources */,
				56E8474B202342AB003A6A46 /* Frameworks */,
				56E8474C202342AB003A6A46 /* Resources */,
			);
			buildRules = (
			);
			dependencies = (
				56E84750202342AB003A6A46 /* PBXTargetDependency */,
			);
			name = selectImageTests;
			productName = selectImageTests;
			productReference = 56E8474E202342AB003A6A46 /* selectImageTests.xctest */;
			productType = "com.apple.product-type.bundle.unit-test";
		};
		56E84758202342AC003A6A46 /* selectImageUITests */ = {
			isa = PBXNativeTarget;
			buildConfigurationList = 56E84768202342AC003A6A46 /* Build configuration list for PBXNativeTarget "selectImageUITests" */;
			buildPhases = (
				56E84755202342AC003A6A46 /* Sources */,
				56E84756202342AC003A6A46 /* Frameworks */,
				56E84757202342AC003A6A46 /* Resources */,
			);
			buildRules = (
			);
			dependencies = (
				56E8475B202342AC003A6A46 /* PBXTargetDependency */,
			);
			name = selectImageUITests;
			productName = selectImageUITests;
			productReference = 56E84759202342AC003A6A46 /* selectImageUITests.xctest */;
			productType = "com.apple.product-type.bundle.ui-testing";
		};
/* End PBXNativeTarget section */

/* Begin PBXProject section */
		56E84732202342AB003A6A46 /* Project object */ = {
			isa = PBXProject;
			attributes = {
				LastSwiftUpdateCheck = 0920;
				LastUpgradeCheck = 0920;
				ORGANIZATIONNAME = HiroshiYamaguchi;
				TargetAttributes = {
					56E84739202342AB003A6A46 = {
						CreatedOnToolsVersion = 9.2;
						ProvisioningStyle = Automatic;
					};
					56E8474D202342AB003A6A46 = {
						CreatedOnToolsVersion = 9.2;
						ProvisioningStyle = Automatic;
						TestTargetID = 56E84739202342AB003A6A46;
					};
					56E84758202342AC003A6A46 = {
						CreatedOnToolsVersion = 9.2;
						ProvisioningStyle = Automatic;
						TestTargetID = 56E84739202342AB003A6A46;
					};
				};
			};
			buildConfigurationList = 56E84735202342AB003A6A46 /* Build configuration list for PBXProject "selectImage" */;
			compatibilityVersion = "Xcode 8.0";
			developmentRegion = en;
			hasScannedForEncodings = 0;
			knownRegions = (
				en,
				Base,
			);
			mainGroup = 56E84731202342AB003A6A46;
			productRefGroup = 56E8473B202342AB003A6A46 /* Products */;
			projectDirPath = "";
			projectRoot = "";
			targets = (
				56E84739202342AB003A6A46 /* selectImage */,
				56E8474D202342AB003A6A46 /* selectImageTests */,
				56E84758202342AC003A6A46 /* selectImageUITests */,
			);
		};
/* End PBXProject section */

/* Begin PBXResourcesBuildPhase section */
		56E84738202342AB003A6A46 /* Resources */ = {
			isa = PBXResourcesBuildPhase;
			buildActionMask = 2147483647;
			files = (
				56E84748202342AB003A6A46 /* LaunchScreen.storyboard in Resources */,
				56E84745202342AB003A6A46 /* Assets.xcassets in Resources */,
				56E84743202342AB003A6A46 /* Main.storyboard in Resources */,
			);
			runOnlyForDeploymentPostprocessing = 0;
		};
		56E8474C202342AB003A6A46 /* Resources */ = {
			isa = PBXResourcesBuildPhase;
			buildActionMask = 2147483647;
			files = (
			);
			runOnlyForDeploymentPostprocessing = 0;
		};
		56E84757202342AC003A6A46 /* Resources */ = {
			isa = PBXResourcesBuildPhase;
			buildActionMask = 2147483647;
			files = (
			);
			runOnlyForDeploymentPostprocessing = 0;
		};
/* End PBXResourcesBuildPhase section */

/* Begin PBXSourcesBuildPhase section */
		56E84736202342AB003A6A46 /* Sources */ = {
			isa = PBXSourcesBuildPhase;
			buildActionMask = 2147483647;
			files = (
				56E84740202342AB003A6A46 /* ViewController.swift in Sources */,
				56E8473E202342AB003A6A46 /* AppDelegate.swift in Sources */,
			);
			runOnlyForDeploymentPostprocessing = 0;
		};
		56E8474A202342AB003A6A46 /* Sources */ = {
			isa = PBXSourcesBuildPhase;
			buildActionMask = 2147483647;
			files = (
				56E84753202342AB003A6A46 /* selectImageTests.swift in Sources */,
			);
			runOnlyForDeploymentPostprocessing = 0;
		};
		56E84755202342AC003A6A46 /* Sources */ = {
			isa = PBXSourcesBuildPhase;
			buildActionMask = 2147483647;
			files = (
				56E8475E202342AC003A6A46 /* selectImageUITests.swift in Sources */,
			);
			runOnlyForDeploymentPostprocessing = 0;
		};
/* End PBXSourcesBuildPhase section */

/* Begin PBXTargetDependency section */
		56E84750202342AB003A6A46 /* PBXTargetDependency */ = {
			isa = PBXTargetDependency;
			target = 56E84739202342AB003A6A46 /* selectImage */;
			targetProxy = 56E8474F202342AB003A6A46 /* PBXContainerItemProxy */;
		};
		56E8475B202342AC003A6A46 /* PBXTargetDependency */ = {
			isa = PBXTargetDependency;
			target = 56E84739202342AB003A6A46 /* selectImage */;
			targetProxy = 56E8475A202342AC003A6A46 /* PBXContainerItemProxy */;
		};
/* End PBXTargetDependency section */

/* Begin PBXVariantGroup section */
		56E84741202342AB003A6A46 /* Main.storyboard */ = {
			isa = PBXVariantGroup;
			children = (
				56E84742202342AB003A6A46 /* Base */,
			);
			name = Main.storyboard;
			sourceTree = "<group>";
		};
		56E84746202342AB003A6A46 /* LaunchScreen.storyboard */ = {
			isa = PBXVariantGroup;
			children = (
				56E84747202342AB003A6A46 /* Base */,
			);
			name = LaunchScreen.storyboard;
			sourceTree = "<group>";
		};
/* End PBXVariantGroup section */

/* Begin XCBuildConfiguration section */
		56E84760202342AC003A6A46 /* Debug */ = {
			isa = XCBuildConfiguration;
			buildSettings = {
				ALWAYS_SEARCH_USER_PATHS = NO;
				CLANG_ANALYZER_NONNULL = YES;
				CLANG_ANALYZER_NUMBER_OBJECT_CONVERSION = YES_AGGRESSIVE;
				CLANG_CXX_LANGUAGE_STANDARD = "gnu++14";
				CLANG_CXX_LIBRARY = "libc++";
				CLANG_ENABLE_MODULES = YES;
				CLANG_ENABLE_OBJC_ARC = YES;
				CLANG_WARN_BLOCK_CAPTURE_AUTORELEASING = YES;
				CLANG_WARN_BOOL_CONVERSION = YES;
				CLANG_WARN_COMMA = YES;
				CLANG_WARN_CONSTANT_CONVERSION = YES;
				CLANG_WARN_DIRECT_OBJC_ISA_USAGE = YES_ERROR;
				CLANG_WARN_DOCUMENTATION_COMMENTS = YES;
				CLANG_WARN_EMPTY_BODY = YES;
				CLANG_WARN_ENUM_CONVERSION = YES;
				CLANG_WARN_INFINITE_RECURSION = YES;
				CLANG_WARN_INT_CONVERSION = YES;
				CLANG_WARN_NON_LITERAL_NULL_CONVERSION = YES;
				CLANG_WARN_OBJC_LITERAL_CONVERSION = YES;
				CLANG_WARN_OBJC_ROOT_CLASS = YES_ERROR;
				CLANG_WARN_RANGE_LOOP_ANALYSIS = YES;
				CLANG_WARN_STRICT_PROTOTYPES = YES;
				CLANG_WARN_SUSPICIOUS_MOVE = YES;
				CLANG_WARN_UNGUARDED_AVAILABILITY = YES_AGGRESSIVE;
				CLANG_WARN_UNREACHABLE_CODE = YES;
				CLANG_WARN__DUPLICATE_METHOD_MATCH = YES;
				CODE_SIGN_IDENTITY = "iPhone Developer";
				COPY_PHASE_STRIP = NO;
				DEBUG_INFORMATION_FORMAT = dwarf;
				ENABLE_STRICT_OBJC_MSGSEND = YES;
				ENABLE_TESTABILITY = YES;
				GCC_C_LANGUAGE_STANDARD = gnu11;
				GCC_DYNAMIC_NO_PIC = NO;
				GCC_NO_COMMON_BLOCKS = YES;
				GCC_OPTIMIZATION_LEVEL = 0;
				GCC_PREPROCESSOR_DEFINITIONS = (
					"DEBUG=1",
					"$(inherited)",
				);
				GCC_WARN_64_TO_32_BIT_CONVERSION = YES;
				GCC_WARN_ABOUT_RETURN_TYPE = YES_ERROR;
				GCC_WARN_UNDECLARED_SELECTOR = YES;
				GCC_WARN_UNINITIALIZED_AUTOS = YES_AGGRESSIVE;
				GCC_WARN_UNUSED_FUNCTION = YES;
				GCC_WARN_UNUSED_VARIABLE = YES;
				IPHONEOS_DEPLOYMENT_TARGET = 11.2;
				MTL_ENABLE_DEBUG_INFO = YES;
				ONLY_ACTIVE_ARCH = YES;
				SDKROOT = iphoneos;
				SWIFT_ACTIVE_COMPILATION_CONDITIONS = DEBUG;
				SWIFT_OPTIMIZATION_LEVEL = "-Onone";
			};
			name = Debug;
		};
		56E84761202342AC003A6A46 /* Release */ = {
			isa = XCBuildConfiguration;
			buildSettings = {
				ALWAYS_SEARCH_USER_PATHS = NO;
				CLANG_ANALYZER_NONNULL = YES;
				CLANG_ANALYZER_NUMBER_OBJECT_CONVERSION = YES_AGGRESSIVE;
				CLANG_CXX_LANGUAGE_STANDARD = "gnu++14";
				CLANG_CXX_LIBRARY = "libc++";
				CLANG_ENABLE_MODULES = YES;
				CLANG_ENABLE_OBJC_ARC = YES;
				CLANG_WARN_BLOCK_CAPTURE_AUTORELEASING = YES;
				CLANG_WARN_BOOL_CONVERSION = YES;
				CLANG_WARN_COMMA = YES;
				CLANG_WARN_CONSTANT_CONVERSION = YES;
				CLANG_WARN_DIRECT_OBJC_ISA_USAGE = YES_ERROR;
				CLANG_WARN_DOCUMENTATION_COMMENTS = YES;
				CLANG_WARN_EMPTY_BODY = YES;
				CLANG_WARN_ENUM_CONVERSION = YES;
				CLANG_WARN_INFINITE_RECURSION = YES;
				CLANG_WARN_INT_CONVERSION = YES;
				CLANG_WARN_NON_LITERAL_NULL_CONVERSION = YES;
				CLANG_WARN_OBJC_LITERAL_CONVERSION = YES;
				CLANG_WARN_OBJC_ROOT_CLASS = YES_ERROR;
				CLANG_WARN_RANGE_LOOP_ANALYSIS = YES;
				CLANG_WARN_STRICT_PROTOTYPES = YES;
				CLANG_WARN_SUSPICIOUS_MOVE = YES;
				CLANG_WARN_UNGUARDED_AVAILABILITY = YES_AGGRESSIVE;
				CLANG_WARN_UNREACHABLE_CODE = YES;
				CLANG_WARN__DUPLICATE_METHOD_MATCH = YES;
				CODE_SIGN_IDENTITY = "iPhone Developer";
				COPY_PHASE_STRIP = NO;
				DEBUG_INFORMATION_FORMAT = "dwarf-with-dsym";
				ENABLE_NS_ASSERTIONS = NO;
				ENABLE_STRICT_OBJC_MSGSEND = YES;
				GCC_C_LANGUAGE_STANDARD = gnu11;
				GCC_NO_COMMON_BLOCKS = YES;
				GCC_WARN_64_TO_32_BIT_CONVERSION = YES;
				GCC_WARN_ABOUT_RETURN_TYPE = YES_ERROR;
				GCC_WARN_UNDECLARED_SELECTOR = YES;
				GCC_WARN_UNINITIALIZED_AUTOS = YES_AGGRESSIVE;
				GCC_WARN_UNUSED_FUNCTION = YES;
				GCC_WARN_UNUSED_VARIABLE = YES;
				IPHONEOS_DEPLOYMENT_TARGET = 11.2;
				MTL_ENABLE_DEBUG_INFO = NO;
				SDKROOT = iphoneos;
				SWIFT_OPTIMIZATION_LEVEL = "-Owholemodule";
				VALIDATE_PRODUCT = YES;
			};
			name = Release;
		};
		56E84763202342AC003A6A46 /* Debug */ = {
			isa = XCBuildConfiguration;
			buildSettings = {
				ASSETCATALOG_COMPILER_APPICON_NAME = AppIcon;
				CODE_SIGN_STYLE = Automatic;
				INFOPLIST_FILE = selectImage/Info.plist;
				LD_RUNPATH_SEARCH_PATHS = "$(inherited) @executable_path/Frameworks";
				PRODUCT_BUNDLE_IDENTIFIER = com.ymgchrs.image.selectImage;
				PRODUCT_NAME = "$(TARGET_NAME)";
				SWIFT_VERSION = 4.0;
				TARGETED_DEVICE_FAMILY = "1,2";
			};
			name = Debug;
		};
		56E84764202342AC003A6A46 /* Release */ = {
			isa = XCBuildConfiguration;
			buildSettings = {
				ASSETCATALOG_COMPILER_APPICON_NAME = AppIcon;
				CODE_SIGN_STYLE = Automatic;
				INFOPLIST_FILE = selectImage/Info.plist;
				LD_RUNPATH_SEARCH_PATHS = "$(inherited) @executable_path/Frameworks";
				PRODUCT_BUNDLE_IDENTIFIER = com.ymgchrs.image.selectImage;
				PRODUCT_NAME = "$(TARGET_NAME)";
				SWIFT_VERSION = 4.0;
				TARGETED_DEVICE_FAMILY = "1,2";
			};
			name = Release;
		};
		56E84766202342AC003A6A46 /* Debug */ = {
			isa = XCBuildConfiguration;
			buildSettings = {
				ALWAYS_EMBED_SWIFT_STANDARD_LIBRARIES = YES;
				BUNDLE_LOADER = "$(TEST_HOST)";
				CODE_SIGN_STYLE = Automatic;
				INFOPLIST_FILE = selectImageTests/Info.plist;
				LD_RUNPATH_SEARCH_PATHS = "$(inherited) @executable_path/Frameworks @loader_path/Frameworks";
				PRODUCT_BUNDLE_IDENTIFIER = com.ymgchrs.image.selectImageTests;
				PRODUCT_NAME = "$(TARGET_NAME)";
				SWIFT_VERSION = 4.0;
				TARGETED_DEVICE_FAMILY = "1,2";
				TEST_HOST = "$(BUILT_PRODUCTS_DIR)/selectImage.app/selectImage";
			};
			name = Debug;
		};
		56E84767202342AC003A6A46 /* Release */ = {
			isa = XCBuildConfiguration;
			buildSettings = {
				ALWAYS_EMBED_SWIFT_STANDARD_LIBRARIES = YES;
				BUNDLE_LOADER = "$(TEST_HOST)";
				CODE_SIGN_STYLE = Automatic;
				INFOPLIST_FILE = selectImageTests/Info.plist;
				LD_RUNPATH_SEARCH_PATHS = "$(inherited) @executable_path/Frameworks @loader_path/Frameworks";
				PRODUCT_BUNDLE_IDENTIFIER = com.ymgchrs.image.selectImageTests;
				PRODUCT_NAME = "$(TARGET_NAME)";
				SWIFT_VERSION = 4.0;
				TARGETED_DEVICE_FAMILY = "1,2";
				TEST_HOST = "$(BUILT_PRODUCTS_DIR)/selectImage.app/selectImage";
			};
			name = Release;
		};
		56E84769202342AC003A6A46 /* Debug */ = {
			isa = XCBuildConfiguration;
			buildSettings = {
				ALWAYS_EMBED_SWIFT_STANDARD_LIBRARIES = YES;
				CODE_SIGN_STYLE = Automatic;
				INFOPLIST_FILE = selectImageUITests/Info.plist;
				LD_RUNPATH_SEARCH_PATHS = "$(inherited) @executable_path/Frameworks @loader_path/Frameworks";
				PRODUCT_BUNDLE_IDENTIFIER = com.ymgchrs.image.selectImageUITests;
				PRODUCT_NAME = "$(TARGET_NAME)";
				SWIFT_VERSION = 4.0;
				TARGETED_DEVICE_FAMILY = "1,2";
				TEST_TARGET_NAME = selectImage;
			};
			name = Debug;
		};
		56E8476A202342AC003A6A46 /* Release */ = {
			isa = XCBuildConfiguration;
			buildSettings = {
				ALWAYS_EMBED_SWIFT_STANDARD_LIBRARIES = YES;
				CODE_SIGN_STYLE = Automatic;
				INFOPLIST_FILE = selectImageUITests/Info.plist;
				LD_RUNPATH_SEARCH_PATHS = "$(inherited) @executable_path/Frameworks @loader_path/Frameworks";
				PRODUCT_BUNDLE_IDENTIFIER = com.ymgchrs.image.selectImageUITests;
				PRODUCT_NAME = "$(TARGET_NAME)";
				SWIFT_VERSION = 4.0;
				TARGETED_DEVICE_FAMILY = "1,2";
				TEST_TARGET_NAME = selectImage;
			};
			name = Release;
		};
/* End XCBuildConfiguration section */

/* Begin XCConfigurationList section */
		56E84735202342AB003A6A46 /* Build configuration list for PBXProject "selectImage" */ = {
			isa = XCConfigurationList;
			buildConfigurations = (
				56E84760202342AC003A6A46 /* Debug */,
				56E84761202342AC003A6A46 /* Release */,
			);
			defaultConfigurationIsVisible = 0;
			defaultConfigurationName = Release;
		};
		56E84762202342AC003A6A46 /* Build configuration list for PBXNativeTarget "selectImage" */ = {
			isa = XCConfigurationList;
			buildConfigurations = (
				56E84763202342AC003A6A46 /* Debug */,
				56E84764202342AC003A6A46 /* Release */,
			);
			defaultConfigurationIsVisible = 0;
			defaultConfigurationName = Release;
		};
		56E84765202342AC003A6A46 /* Build configuration list for PBXNativeTarget "selectImageTests" */ = {
			isa = XCConfigurationList;
			buildConfigurations = (
				56E84766202342AC003A6A46 /* Debug */,
				56E84767202342AC003A6A46 /* Release */,
			);
			defaultConfigurationIsVisible = 0;
			defaultConfigurationName = Release;
		};
		56E84768202342AC003A6A46 /* Build configuration list for PBXNativeTarget "selectImageUITests" */ = {
			isa = XCConfigurationList;
			buildConfigurations = (
				56E84769202342AC003A6A46 /* Debug */,
				56E8476A202342AC003A6A46 /* Release */,
			);
			defaultConfigurationIsVisible = 0;
			defaultConfigurationName = Release;
		};
/* End XCConfigurationList section */
	};
	rootObject = 56E84732202342AB003A6A46 /* Project object */;
}
