// !$*UTF8*$!
{
	archiveVersion = 1;
	classes = {
	};
	objectVersion = 48;
	objects = {

/* Begin PBXBuildFile section */
		56614A68202338DF0017DFBE /* AppDelegate.swift in Sources */ = {isa = PBXBuildFile; fileRef = 56614A67202338DF0017DFBE /* AppDelegate.swift */; };
		56614A6A202338E00017DFBE /* ViewController.swift in Sources */ = {isa = PBXBuildFile; fileRef = 56614A69202338E00017DFBE /* ViewController.swift */; };
		56614A6D202338E00017DFBE /* Main.storyboard in Resources */ = {isa = PBXBuildFile; fileRef = 56614A6B202338E00017DFBE /* Main.storyboard */; };
		56614A6F202338E00017DFBE /* Assets.xcassets in Resources */ = {isa = PBXBuildFile; fileRef = 56614A6E202338E00017DFBE /* Assets.xcassets */; };
		56614A72202338E00017DFBE /* LaunchScreen.storyboard in Resources */ = {isa = PBXBuildFile; fileRef = 56614A70202338E00017DFBE /* LaunchScreen.storyboard */; };
		56614A7D202338E00017DFBE /* testInputTestTests.swift in Sources */ = {isa = PBXBuildFile; fileRef = 56614A7C202338E00017DFBE /* testInputTestTests.swift */; };
		56614A88202338E00017DFBE /* testInputTestUITests.swift in Sources */ = {isa = PBXBuildFile; fileRef = 56614A87202338E00017DFBE /* testInputTestUITests.swift */; };
/* End PBXBuildFile section */

/* Begin PBXContainerItemProxy section */
		56614A79202338E00017DFBE /* PBXContainerItemProxy */ = {
			isa = PBXContainerItemProxy;
			containerPortal = 56614A5C202338DF0017DFBE /* Project object */;
			proxyType = 1;
			remoteGlobalIDString = 56614A63202338DF0017DFBE;
			remoteInfo = testInputTest;
		};
		56614A84202338E00017DFBE /* PBXContainerItemProxy */ = {
			isa = PBXContainerItemProxy;
			containerPortal = 56614A5C202338DF0017DFBE /* Project object */;
			proxyType = 1;
			remoteGlobalIDString = 56614A63202338DF0017DFBE;
			remoteInfo = testInputTest;
		};
/* End PBXContainerItemProxy section */

/* Begin PBXFileReference section */
		56614A64202338DF0017DFBE /* testInputTest.app */ = {isa = PBXFileReference; explicitFileType = wrapper.application; includeInIndex = 0; path = testInputTest.app; sourceTree = BUILT_PRODUCTS_DIR; };
		56614A67202338DF0017DFBE /* AppDelegate.swift */ = {isa = PBXFileReference; lastKnownFileType = sourcecode.swift; path = AppDelegate.swift; sourceTree = "<group>"; };
		56614A69202338E00017DFBE /* ViewController.swift */ = {isa = PBXFileReference; lastKnownFileType = sourcecode.swift; path = ViewController.swift; sourceTree = "<group>"; };
		56614A6C202338E00017DFBE /* Base */ = {isa = PBXFileReference; lastKnownFileType = file.storyboard; name = Base; path = Base.lproj/Main.storyboard; sourceTree = "<group>"; };
		56614A6E202338E00017DFBE /* Assets.xcassets */ = {isa = PBXFileReference; lastKnownFileType = folder.assetcatalog; path = Assets.xcassets; sourceTree = "<group>"; };
		56614A71202338E00017DFBE /* Base */ = {isa = PBXFileReference; lastKnownFileType = file.storyboard; name = Base; path = Base.lproj/LaunchScreen.storyboard; sourceTree = "<group>"; };
		56614A73202338E00017DFBE /* Info.plist */ = {isa = PBXFileReference; lastKnownFileType = text.plist.xml; path = Info.plist; sourceTree = "<group>"; };
		56614A78202338E00017DFBE /* testInputTestTests.xctest */ = {isa = PBXFileReference; explicitFileType = wrapper.cfbundle; includeInIndex = 0; path = testInputTestTests.xctest; sourceTree = BUILT_PRODUCTS_DIR; };
		56614A7C202338E00017DFBE /* testInputTestTests.swift */ = {isa = PBXFileReference; lastKnownFileType = sourcecode.swift; path = testInputTestTests.swift; sourceTree = "<group>"; };
		56614A7E202338E00017DFBE /* Info.plist */ = {isa = PBXFileReference; lastKnownFileType = text.plist.xml; path = Info.plist; sourceTree = "<group>"; };
		56614A83202338E00017DFBE /* testInputTestUITests.xctest */ = {isa = PBXFileReference; explicitFileType = wrapper.cfbundle; includeInIndex = 0; path = testInputTestUITests.xctest; sourceTree = BUILT_PRODUCTS_DIR; };
		56614A87202338E00017DFBE /* testInputTestUITests.swift */ = {isa = PBXFileReference; lastKnownFileType = sourcecode.swift; path = testInputTestUITests.swift; sourceTree = "<group>"; };
		56614A89202338E00017DFBE /* Info.plist */ = {isa = PBXFileReference; lastKnownFileType = text.plist.xml; path = Info.plist; sourceTree = "<group>"; };
/* End PBXFileReference section */

/* Begin PBXFrameworksBuildPhase section */
		56614A61202338DF0017DFBE /* Frameworks */ = {
			isa = PBXFrameworksBuildPhase;
			buildActionMask = 2147483647;
			files = (
			);
			runOnlyForDeploymentPostprocessing = 0;
		};
		56614A75202338E00017DFBE /* Frameworks */ = {
			isa = PBXFrameworksBuildPhase;
			buildActionMask = 2147483647;
			files = (
			);
			runOnlyForDeploymentPostprocessing = 0;
		};
		56614A80202338E00017DFBE /* Frameworks */ = {
			isa = PBXFrameworksBuildPhase;
			buildActionMask = 2147483647;
			files = (
			);
			runOnlyForDeploymentPostprocessing = 0;
		};
/* End PBXFrameworksBuildPhase section */

/* Begin PBXGroup section */
		56614A5B202338DF0017DFBE = {
			isa = PBXGroup;
			children = (
				56614A66202338DF0017DFBE /* testInputTest */,
				56614A7B202338E00017DFBE /* testInputTestTests */,
				56614A86202338E00017DFBE /* testInputTestUITests */,
				56614A65202338DF0017DFBE /* Products */,
			);
			sourceTree = "<group>";
		};
		56614A65202338DF0017DFBE /* Products */ = {
			isa = PBXGroup;
			children = (
				56614A64202338DF0017DFBE /* testInputTest.app */,
				56614A78202338E00017DFBE /* testInputTestTests.xctest */,
				56614A83202338E00017DFBE /* testInputTestUITests.xctest */,
			);
			name = Products;
			sourceTree = "<group>";
		};
		56614A66202338DF0017DFBE /* testInputTest */ = {
			isa = PBXGroup;
			children = (
				56614A67202338DF0017DFBE /* AppDelegate.swift */,
				56614A69202338E00017DFBE /* ViewController.swift */,
				56614A6B202338E00017DFBE /* Main.storyboard */,
				56614A6E202338E00017DFBE /* Assets.xcassets */,
				56614A70202338E00017DFBE /* LaunchScreen.storyboard */,
				56614A73202338E00017DFBE /* Info.plist */,
			);
			path = testInputTest;
			sourceTree = "<group>";
		};
		56614A7B202338E00017DFBE /* testInputTestTests */ = {
			isa = PBXGroup;
			children = (
				56614A7C202338E00017DFBE /* testInputTestTests.swift */,
				56614A7E202338E00017DFBE /* Info.plist */,
			);
			path = testInputTestTests;
			sourceTree = "<group>";
		};
		56614A86202338E00017DFBE /* testInputTestUITests */ = {
			isa = PBXGroup;
			children = (
				56614A87202338E00017DFBE /* testInputTestUITests.swift */,
				56614A89202338E00017DFBE /* Info.plist */,
			);
			path = testInputTestUITests;
			sourceTree = "<group>";
		};
/* End PBXGroup section */

/* Begin PBXNativeTarget section */
		56614A63202338DF0017DFBE /* testInputTest */ = {
			isa = PBXNativeTarget;
			buildConfigurationList = 56614A8C202338E00017DFBE /* Build configuration list for PBXNativeTarget "testInputTest" */;
			buildPhases = (
				56614A60202338DF0017DFBE /* Sources */,
				56614A61202338DF0017DFBE /* Frameworks */,
				56614A62202338DF0017DFBE /* Resources */,
			);
			buildRules = (
			);
			dependencies = (
			);
			name = testInputTest;
			productName = testInputTest;
			productReference = 56614A64202338DF0017DFBE /* testInputTest.app */;
			productType = "com.apple.product-type.application";
		};
		56614A77202338E00017DFBE /* testInputTestTests */ = {
			isa = PBXNativeTarget;
			buildConfigurationList = 56614A8F202338E00017DFBE /* Build configuration list for PBXNativeTarget "testInputTestTests" */;
			buildPhases = (
				56614A74202338E00017DFBE /* Sources */,
				56614A75202338E00017DFBE /* Frameworks */,
				56614A76202338E00017DFBE /* Resources */,
			);
			buildRules = (
			);
			dependencies = (
				56614A7A202338E00017DFBE /* PBXTargetDependency */,
			);
			name = testInputTestTests;
			productName = testInputTestTests;
			productReference = 56614A78202338E00017DFBE /* testInputTestTests.xctest */;
			productType = "com.apple.product-type.bundle.unit-test";
		};
		56614A82202338E00017DFBE /* testInputTestUITests */ = {
			isa = PBXNativeTarget;
			buildConfigurationList = 56614A92202338E00017DFBE /* Build configuration list for PBXNativeTarget "testInputTestUITests" */;
			buildPhases = (
				56614A7F202338E00017DFBE /* Sources */,
				56614A80202338E00017DFBE /* Frameworks */,
				56614A81202338E00017DFBE /* Resources */,
			);
			buildRules = (
			);
			dependencies = (
				56614A85202338E00017DFBE /* PBXTargetDependency */,
			);
			name = testInputTestUITests;
			productName = testInputTestUITests;
			productReference = 56614A83202338E00017DFBE /* testInputTestUITests.xctest */;
			productType = "com.apple.product-type.bundle.ui-testing";
		};
/* End PBXNativeTarget section */

/* Begin PBXProject section */
		56614A5C202338DF0017DFBE /* Project object */ = {
			isa = PBXProject;
			attributes = {
				LastSwiftUpdateCheck = 0920;
				LastUpgradeCheck = 0920;
				ORGANIZATIONNAME = HiroshiYamaguchi;
				TargetAttributes = {
					56614A63202338DF0017DFBE = {
						CreatedOnToolsVersion = 9.2;
						ProvisioningStyle = Automatic;
					};
					56614A77202338E00017DFBE = {
						CreatedOnToolsVersion = 9.2;
						ProvisioningStyle = Automatic;
						TestTargetID = 56614A63202338DF0017DFBE;
					};
					56614A82202338E00017DFBE = {
						CreatedOnToolsVersion = 9.2;
						ProvisioningStyle = Automatic;
						TestTargetID = 56614A63202338DF0017DFBE;
					};
				};
			};
			buildConfigurationList = 56614A5F202338DF0017DFBE /* Build configuration list for PBXProject "testInputTest" */;
			compatibilityVersion = "Xcode 8.0";
			developmentRegion = en;
			hasScannedForEncodings = 0;
			knownRegions = (
				en,
				Base,
			);
			mainGroup = 56614A5B202338DF0017DFBE;
			productRefGroup = 56614A65202338DF0017DFBE /* Products */;
			projectDirPath = "";
			projectRoot = "";
			targets = (
				56614A63202338DF0017DFBE /* testInputTest */,
				56614A77202338E00017DFBE /* testInputTestTests */,
				56614A82202338E00017DFBE /* testInputTestUITests */,
			);
		};
/* End PBXProject section */

/* Begin PBXResourcesBuildPhase section */
		56614A62202338DF0017DFBE /* Resources */ = {
			isa = PBXResourcesBuildPhase;
			buildActionMask = 2147483647;
			files = (
				56614A72202338E00017DFBE /* LaunchScreen.storyboard in Resources */,
				56614A6F202338E00017DFBE /* Assets.xcassets in Resources */,
				56614A6D202338E00017DFBE /* Main.storyboard in Resources */,
			);
			runOnlyForDeploymentPostprocessing = 0;
		};
		56614A76202338E00017DFBE /* Resources */ = {
			isa = PBXResourcesBuildPhase;
			buildActionMask = 2147483647;
			files = (
			);
			runOnlyForDeploymentPostprocessing = 0;
		};
		56614A81202338E00017DFBE /* Resources */ = {
			isa = PBXResourcesBuildPhase;
			buildActionMask = 2147483647;
			files = (
			);
			runOnlyForDeploymentPostprocessing = 0;
		};
/* End PBXResourcesBuildPhase section */

/* Begin PBXSourcesBuildPhase section */
		56614A60202338DF0017DFBE /* Sources */ = {
			isa = PBXSourcesBuildPhase;
			buildActionMask = 2147483647;
			files = (
				56614A6A202338E00017DFBE /* ViewController.swift in Sources */,
				56614A68202338DF0017DFBE /* AppDelegate.swift in Sources */,
			);
			runOnlyForDeploymentPostprocessing = 0;
		};
		56614A74202338E00017DFBE /* Sources */ = {
			isa = PBXSourcesBuildPhase;
			buildActionMask = 2147483647;
			files = (
				56614A7D202338E00017DFBE /* testInputTestTests.swift in Sources */,
			);
			runOnlyForDeploymentPostprocessing = 0;
		};
		56614A7F202338E00017DFBE /* Sources */ = {
			isa = PBXSourcesBuildPhase;
			buildActionMask = 2147483647;
			files = (
				56614A88202338E00017DFBE /* testInputTestUITests.swift in Sources */,
			);
			runOnlyForDeploymentPostprocessing = 0;
		};
/* End PBXSourcesBuildPhase section */

/* Begin PBXTargetDependency section */
		56614A7A202338E00017DFBE /* PBXTargetDependency */ = {
			isa = PBXTargetDependency;
			target = 56614A63202338DF0017DFBE /* testInputTest */;
			targetProxy = 56614A79202338E00017DFBE /* PBXContainerItemProxy */;
		};
		56614A85202338E00017DFBE /* PBXTargetDependency */ = {
			isa = PBXTargetDependency;
			target = 56614A63202338DF0017DFBE /* testInputTest */;
			targetProxy = 56614A84202338E00017DFBE /* PBXContainerItemProxy */;
		};
/* End PBXTargetDependency section */

/* Begin PBXVariantGroup section */
		56614A6B202338E00017DFBE /* Main.storyboard */ = {
			isa = PBXVariantGroup;
			children = (
				56614A6C202338E00017DFBE /* Base */,
			);
			name = Main.storyboard;
			sourceTree = "<group>";
		};
		56614A70202338E00017DFBE /* LaunchScreen.storyboard */ = {
			isa = PBXVariantGroup;
			children = (
				56614A71202338E00017DFBE /* Base */,
			);
			name = LaunchScreen.storyboard;
			sourceTree = "<group>";
		};
/* End PBXVariantGroup section */

/* Begin XCBuildConfiguration section */
		56614A8A202338E00017DFBE /* Debug */ = {
			isa = XCBuildConfiguration;
			buildSettings = {
				ALWAYS_SEARCH_USER_PATHS = NO;
				CLANG_ANALYZER_NONNULL = YES;
				CLANG_ANALYZER_NUMBER_OBJECT_CONVERSION = YES_AGGRESSIVE;
				CLANG_CXX_LANGUAGE_STANDARD = "gnu++14";
				CLANG_CXX_LIBRARY = "libc++";
				CLANG_ENABLE_MODULES = YES;
				CLANG_ENABLE_OBJC_ARC = YES;
				CLANG_WARN_BLOCK_CAPTURE_AUTORELEASING = YES;
				CLANG_WARN_BOOL_CONVERSION = YES;
				CLANG_WARN_COMMA = YES;
				CLANG_WARN_CONSTANT_CONVERSION = YES;
				CLANG_WARN_DIRECT_OBJC_ISA_USAGE = YES_ERROR;
				CLANG_WARN_DOCUMENTATION_COMMENTS = YES;
				CLANG_WARN_EMPTY_BODY = YES;
				CLANG_WARN_ENUM_CONVERSION = YES;
				CLANG_WARN_INFINITE_RECURSION = YES;
				CLANG_WARN_INT_CONVERSION = YES;
				CLANG_WARN_NON_LITERAL_NULL_CONVERSION = YES;
				CLANG_WARN_OBJC_LITERAL_CONVERSION = YES;
				CLANG_WARN_OBJC_ROOT_CLASS = YES_ERROR;
				CLANG_WARN_RANGE_LOOP_ANALYSIS = YES;
				CLANG_WARN_STRICT_PROTOTYPES = YES;
				CLANG_WARN_SUSPICIOUS_MOVE = YES;
				CLANG_WARN_UNGUARDED_AVAILABILITY = YES_AGGRESSIVE;
				CLANG_WARN_UNREACHABLE_CODE = YES;
				CLANG_WARN__DUPLICATE_METHOD_MATCH = YES;
				CODE_SIGN_IDENTITY = "iPhone Developer";
				COPY_PHASE_STRIP = NO;
				DEBUG_INFORMATION_FORMAT = dwarf;
				ENABLE_STRICT_OBJC_MSGSEND = YES;
				ENABLE_TESTABILITY = YES;
				GCC_C_LANGUAGE_STANDARD = gnu11;
				GCC_DYNAMIC_NO_PIC = NO;
				GCC_NO_COMMON_BLOCKS = YES;
				GCC_OPTIMIZATION_LEVEL = 0;
				GCC_PREPROCESSOR_DEFINITIONS = (
					"DEBUG=1",
					"$(inherited)",
				);
				GCC_WARN_64_TO_32_BIT_CONVERSION = YES;
				GCC_WARN_ABOUT_RETURN_TYPE = YES_ERROR;
				GCC_WARN_UNDECLARED_SELECTOR = YES;
				GCC_WARN_UNINITIALIZED_AUTOS = YES_AGGRESSIVE;
				GCC_WARN_UNUSED_FUNCTION = YES;
				GCC_WARN_UNUSED_VARIABLE = YES;
				IPHONEOS_DEPLOYMENT_TARGET = 11.2;
				MTL_ENABLE_DEBUG_INFO = YES;
				ONLY_ACTIVE_ARCH = YES;
				SDKROOT = iphoneos;
				SWIFT_ACTIVE_COMPILATION_CONDITIONS = DEBUG;
				SWIFT_OPTIMIZATION_LEVEL = "-Onone";
			};
			name = Debug;
		};
		56614A8B202338E00017DFBE /* Release */ = {
			isa = XCBuildConfiguration;
			buildSettings = {
				ALWAYS_SEARCH_USER_PATHS = NO;
				CLANG_ANALYZER_NONNULL = YES;
				CLANG_ANALYZER_NUMBER_OBJECT_CONVERSION = YES_AGGRESSIVE;
				CLANG_CXX_LANGUAGE_STANDARD = "gnu++14";
				CLANG_CXX_LIBRARY = "libc++";
				CLANG_ENABLE_MODULES = YES;
				CLANG_ENABLE_OBJC_ARC = YES;
				CLANG_WARN_BLOCK_CAPTURE_AUTORELEASING = YES;
				CLANG_WARN_BOOL_CONVERSION = YES;
				CLANG_WARN_COMMA = YES;
				CLANG_WARN_CONSTANT_CONVERSION = YES;
				CLANG_WARN_DIRECT_OBJC_ISA_USAGE = YES_ERROR;
				CLANG_WARN_DOCUMENTATION_COMMENTS = YES;
				CLANG_WARN_EMPTY_BODY = YES;
				CLANG_WARN_ENUM_CONVERSION = YES;
				CLANG_WARN_INFINITE_RECURSION = YES;
				CLANG_WARN_INT_CONVERSION = YES;
				CLANG_WARN_NON_LITERAL_NULL_CONVERSION = YES;
				CLANG_WARN_OBJC_LITERAL_CONVERSION = YES;
				CLANG_WARN_OBJC_ROOT_CLASS = YES_ERROR;
				CLANG_WARN_RANGE_LOOP_ANALYSIS = YES;
				CLANG_WARN_STRICT_PROTOTYPES = YES;
				CLANG_WARN_SUSPICIOUS_MOVE = YES;
				CLANG_WARN_UNGUARDED_AVAILABILITY = YES_AGGRESSIVE;
				CLANG_WARN_UNREACHABLE_CODE = YES;
				CLANG_WARN__DUPLICATE_METHOD_MATCH = YES;
				CODE_SIGN_IDENTITY = "iPhone Developer";
				COPY_PHASE_STRIP = NO;
				DEBUG_INFORMATION_FORMAT = "dwarf-with-dsym";
				ENABLE_NS_ASSERTIONS = NO;
				ENABLE_STRICT_OBJC_MSGSEND = YES;
				GCC_C_LANGUAGE_STANDARD = gnu11;
				GCC_NO_COMMON_BLOCKS = YES;
				GCC_WARN_64_TO_32_BIT_CONVERSION = YES;
				GCC_WARN_ABOUT_RETURN_TYPE = YES_ERROR;
				GCC_WARN_UNDECLARED_SELECTOR = YES;
				GCC_WARN_UNINITIALIZED_AUTOS = YES_AGGRESSIVE;
				GCC_WARN_UNUSED_FUNCTION = YES;
				GCC_WARN_UNUSED_VARIABLE = YES;
				IPHONEOS_DEPLOYMENT_TARGET = 11.2;
				MTL_ENABLE_DEBUG_INFO = NO;
				SDKROOT = iphoneos;
				SWIFT_OPTIMIZATION_LEVEL = "-Owholemodule";
				VALIDATE_PRODUCT = YES;
			};
			name = Release;
		};
		56614A8D202338E00017DFBE /* Debug */ = {
			isa = XCBuildConfiguration;
			buildSettings = {
				ASSETCATALOG_COMPILER_APPICON_NAME = AppIcon;
				CODE_SIGN_STYLE = Automatic;
				INFOPLIST_FILE = testInputTest/Info.plist;
				LD_RUNPATH_SEARCH_PATHS = "$(inherited) @executable_path/Frameworks";
				PRODUCT_BUNDLE_IDENTIFIER = com.ymgchrs.input.testInputTest;
				PRODUCT_NAME = "$(TARGET_NAME)";
				SWIFT_VERSION = 4.0;
				TARGETED_DEVICE_FAMILY = "1,2";
			};
			name = Debug;
		};
		56614A8E202338E00017DFBE /* Release */ = {
			isa = XCBuildConfiguration;
			buildSettings = {
				ASSETCATALOG_COMPILER_APPICON_NAME = AppIcon;
				CODE_SIGN_STYLE = Automatic;
				INFOPLIST_FILE = testInputTest/Info.plist;
				LD_RUNPATH_SEARCH_PATHS = "$(inherited) @executable_path/Frameworks";
				PRODUCT_BUNDLE_IDENTIFIER = com.ymgchrs.input.testInputTest;
				PRODUCT_NAME = "$(TARGET_NAME)";
				SWIFT_VERSION = 4.0;
				TARGETED_DEVICE_FAMILY = "1,2";
			};
			name = Release;
		};
		56614A90202338E00017DFBE /* Debug */ = {
			isa = XCBuildConfiguration;
			buildSettings = {
				ALWAYS_EMBED_SWIFT_STANDARD_LIBRARIES = YES;
				BUNDLE_LOADER = "$(TEST_HOST)";
				CODE_SIGN_STYLE = Automatic;
				INFOPLIST_FILE = testInputTestTests/Info.plist;
				LD_RUNPATH_SEARCH_PATHS = "$(inherited) @executable_path/Frameworks @loader_path/Frameworks";
				PRODUCT_BUNDLE_IDENTIFIER = com.ymgchrs.input.testInputTestTests;
				PRODUCT_NAME = "$(TARGET_NAME)";
				SWIFT_VERSION = 4.0;
				TARGETED_DEVICE_FAMILY = "1,2";
				TEST_HOST = "$(BUILT_PRODUCTS_DIR)/testInputTest.app/testInputTest";
			};
			name = Debug;
		};
		56614A91202338E00017DFBE /* Release */ = {
			isa = XCBuildConfiguration;
			buildSettings = {
				ALWAYS_EMBED_SWIFT_STANDARD_LIBRARIES = YES;
				BUNDLE_LOADER = "$(TEST_HOST)";
				CODE_SIGN_STYLE = Automatic;
				INFOPLIST_FILE = testInputTestTests/Info.plist;
				LD_RUNPATH_SEARCH_PATHS = "$(inherited) @executable_path/Frameworks @loader_path/Frameworks";
				PRODUCT_BUNDLE_IDENTIFIER = com.ymgchrs.input.testInputTestTests;
				PRODUCT_NAME = "$(TARGET_NAME)";
				SWIFT_VERSION = 4.0;
				TARGETED_DEVICE_FAMILY = "1,2";
				TEST_HOST = "$(BUILT_PRODUCTS_DIR)/testInputTest.app/testInputTest";
			};
			name = Release;
		};
		56614A93202338E00017DFBE /* Debug */ = {
			isa = XCBuildConfiguration;
			buildSettings = {
				ALWAYS_EMBED_SWIFT_STANDARD_LIBRARIES = YES;
				CODE_SIGN_STYLE = Automatic;
				INFOPLIST_FILE = testInputTestUITests/Info.plist;
				LD_RUNPATH_SEARCH_PATHS = "$(inherited) @executable_path/Frameworks @loader_path/Frameworks";
				PRODUCT_BUNDLE_IDENTIFIER = com.ymgchrs.input.testInputTestUITests;
				PRODUCT_NAME = "$(TARGET_NAME)";
				SWIFT_VERSION = 4.0;
				TARGETED_DEVICE_FAMILY = "1,2";
				TEST_TARGET_NAME = testInputTest;
			};
			name = Debug;
		};
		56614A94202338E00017DFBE /* Release */ = {
			isa = XCBuildConfiguration;
			buildSettings = {
				ALWAYS_EMBED_SWIFT_STANDARD_LIBRARIES = YES;
				CODE_SIGN_STYLE = Automatic;
				INFOPLIST_FILE = testInputTestUITests/Info.plist;
				LD_RUNPATH_SEARCH_PATHS = "$(inherited) @executable_path/Frameworks @loader_path/Frameworks";
				PRODUCT_BUNDLE_IDENTIFIER = com.ymgchrs.input.testInputTestUITests;
				PRODUCT_NAME = "$(TARGET_NAME)";
				SWIFT_VERSION = 4.0;
				TARGETED_DEVICE_FAMILY = "1,2";
				TEST_TARGET_NAME = testInputTest;
			};
			name = Release;
		};
/* End XCBuildConfiguration section */

/* Begin XCConfigurationList section */
		56614A5F202338DF0017DFBE /* Build configuration list for PBXProject "testInputTest" */ = {
			isa = XCConfigurationList;
			buildConfigurations = (
				56614A8A202338E00017DFBE /* Debug */,
				56614A8B202338E00017DFBE /* Release */,
			);
			defaultConfigurationIsVisible = 0;
			defaultConfigurationName = Release;
		};
		56614A8C202338E00017DFBE /* Build configuration list for PBXNativeTarget "testInputTest" */ = {
			isa = XCConfigurationList;
			buildConfigurations = (
				56614A8D202338E00017DFBE /* Debug */,
				56614A8E202338E00017DFBE /* Release */,
			);
			defaultConfigurationIsVisible = 0;
			defaultConfigurationName = Release;
		};
		56614A8F202338E00017DFBE /* Build configuration list for PBXNativeTarget "testInputTestTests" */ = {
			isa = XCConfigurationList;
			buildConfigurations = (
				56614A90202338E00017DFBE /* Debug */,
				56614A91202338E00017DFBE /* Release */,
			);
			defaultConfigurationIsVisible = 0;
			defaultConfigurationName = Release;
		};
		56614A92202338E00017DFBE /* Build configuration list for PBXNativeTarget "testInputTestUITests" */ = {
			isa = XCConfigurationList;
			buildConfigurations = (
				56614A93202338E00017DFBE /* Debug */,
				56614A94202338E00017DFBE /* Release */,
			);
			defaultConfigurationIsVisible = 0;
			defaultConfigurationName = Release;
		};
/* End XCConfigurationList section */
	};
	rootObject = 56614A5C202338DF0017DFBE /* Project object */;
}
